<?xml version="1.0" encoding="utf-8"?>
<Project ToolsVersion="4.0" xmlns="http://schemas.microsoft.com/developer/msbuild/2003">
  <ItemGroup>
    <Filter Include="JulesEngine">
      <UniqueIdentifier>{BE37E1E8-2AED-59DE-B3E1-53B51F9650E2}</UniqueIdentifier>
    </Filter>
    <Filter Include="JulesEngine\Events">
      <UniqueIdentifier>{E201CF4A-CEE5-8FA0-3746-8AF323497A22}</UniqueIdentifier>
    </Filter>
    <Filter Include="Platforms">
      <UniqueIdentifier>{DDACA145-4917-56BC-9255-0762FEFE3311}</UniqueIdentifier>
    </Filter>
    <Filter Include="Platforms\Windows">
      <UniqueIdentifier>{17E40808-83FA-069E-CC71-92BF38C7D725}</UniqueIdentifier>
    </Filter>
  </ItemGroup>
  <ItemGroup>
    <ClInclude Include="src\JulesEngine.h" />
    <ClInclude Include="src\JulesEngine\Application.h">
      <Filter>JulesEngine</Filter>
    </ClInclude>
    <ClInclude Include="src\JulesEngine\Core.h">
      <Filter>JulesEngine</Filter>
    </ClInclude>
    <ClInclude Include="src\JulesEngine\EntryPoint.h">
      <Filter>JulesEngine</Filter>
    </ClInclude>
    <ClInclude Include="src\JulesEngine\Events\ApplicationEvent.h">
      <Filter>JulesEngine\Events</Filter>
    </ClInclude>
    <ClInclude Include="src\JulesEngine\Events\Event.h">
      <Filter>JulesEngine\Events</Filter>
    </ClInclude>
    <ClInclude Include="src\JulesEngine\Events\KeyEvent.h">
      <Filter>JulesEngine\Events</Filter>
    </ClInclude>
    <ClInclude Include="src\JulesEngine\Events\MouseEvent.h">
      <Filter>JulesEngine\Events</Filter>
    </ClInclude>
    <ClInclude Include="src\JulesEngine\Log.h">
      <Filter>JulesEngine</Filter>
    </ClInclude>
    <ClInclude Include="src\JulesEngine\Window.h">
      <Filter>JulesEngine</Filter>
    </ClInclude>
    <ClInclude Include="src\Platforms\Windows\WindowsWindow.h">
      <Filter>Platforms\Windows</Filter>
    </ClInclude>
    <ClInclude Include="src\jepch.h" />
  </ItemGroup>
  <ItemGroup>
    <ClCompile Include="src\JulesEngine\Application.cpp">
      <Filter>JulesEngine</Filter>
    </ClCompile>
    <ClCompile Include="src\JulesEngine\Log.cpp">
      <Filter>JulesEngine</Filter>
    </ClCompile>
    <ClCompile Include="src\Platforms\Windows\WindowsWindow.cpp">
      <Filter>Platforms\Windows</Filter>
    </ClCompile>
    <ClCompile Include="src\jepch.cpp" />
  </ItemGroup>
</Project>