<?xml version="1.0" encoding="utf-8"?>
<Project ToolsVersion="4.0" xmlns="http://schemas.microsoft.com/developer/msbuild/2003">
  <ItemGroup>
    <Filter Include="JulesEngine">
      <UniqueIdentifier>{BE37E1E8-2AED-59DE-B3E1-53B51F9650E2}</UniqueIdentifier>
    </Filter>
  </ItemGroup>
  <ItemGroup>
    <ClInclude Include="src\JulesEngine.h" />
    <ClInclude Include="src\JulesEngine\Application.h">
      <Filter>JulesEngine</Filter>
    </ClInclude>
    <ClInclude Include="src\JulesEngine\Core.h">
      <Filter>JulesEngine</Filter>
    </ClInclude>
    <ClInclude Include="src\JulesEngine\EntryPoint.h">
      <Filter>JulesEngine</Filter>
    </ClInclude>
    <ClInclude Include="src\JulesEngine\Log.h">
      <Filter>JulesEngine</Filter>
    </ClInclude>
  </ItemGroup>
  <ItemGroup>
    <ClCompile Include="src\JulesEngine\Application.cpp">
      <Filter>JulesEngine</Filter>
    </ClCompile>
    <ClCompile Include="src\JulesEngine\Log.cpp">
      <Filter>JulesEngine</Filter>
    </ClCompile>
  </ItemGroup>
</Project>